{
  "name": "@public/arize",
  "version": "1.0.0",
  "lockfileVersion": 3,
  "requires": true,
  "packages": {
    "": {
      "name": "@public/arize",
      "version": "1.0.0",
      "license": "ISC",
      "dependencies": {
        "@guardrails-ai/api-client": "^0.3.9"
      }
    },
    "node_modules/@guardrails-ai/api-client": {
      "version": "0.3.9",
      "resolved": "https://registry.npmjs.org/@guardrails-ai/api-client/-/api-client-0.3.9.tgz",
      "integrity": "sha512-0Lje2DsLHgl6l889A0c04atA5B4nxhjan1mDBfUokmvmspeJbMQsJtNw+nUZeMVMV6Ll7PIf/Q2TvlurpGGrRg==",
      "engines": {
        "node": ">=18.0.0"
      }
    }
  }
}
